
Microsoft Visual Studio Solution File, Format Version 12.00
# Visual Studio Version 17
VisualStudioVersion = 17.9.34622.214
MinimumVisualStudioVersion = 10.0.40219.1
Project("{FAE04EC0-301F-11D3-BF4B-00C04F79EFBC}") = "CLK.MauiCoreLab", "CLK.MauiCoreLab\CLK.MauiCoreLab.csproj", "{ED3BAB79-4235-4688-B1F7-3C0DB7C14F0E}"
EndProject
Project("{FAE04EC0-301F-11D3-BF4B-00C04F79EFBC}") = "CLK.MauiCoreLab.Pages", "CLK.MauiCoreLab.Pages\CLK.MauiCoreLab.Pages.csproj", "{F2AA934F-C6E2-4E59-A705-96DBED225FF2}"
EndProject
Project("{FAE04EC0-301F-11D3-BF4B-00C04F79EFBC}") = "CLK.MauiCoreLab.WebApp", "CLK.MauiCoreLab.WebApp\CLK.MauiCoreLab.WebApp.csproj", "{9EBD0EED-A317-42DD-8D1B-6BD15406C0D2}"
EndProject
Project("{FAE04EC0-301F-11D3-BF4B-00C04F79EFBC}") = "CLK.MauiCoreLab.MobileApp", "CLK.MauiCoreLab.MobileApp\CLK.MauiCoreLab.MobileApp.csproj", "{3A24636C-4928-4648-93B1-7EB2CF0703E6}"
EndProject
Global
	GlobalSection(SolutionConfigurationPlatforms) = preSolution
		Debug|Any CPU = Debug|Any CPU
		Release|Any CPU = Release|Any CPU
	EndGlobalSection
	GlobalSection(ProjectConfigurationPlatforms) = postSolution
		{ED3BAB79-4235-4688-B1F7-3C0DB7C14F0E}.Debug|Any CPU.ActiveCfg = Debug|Any CPU
		{ED3BAB79-4235-4688-B1F7-3C0DB7C14F0E}.Debug|Any CPU.Build.0 = Debug|Any CPU
		{ED3BAB79-4235-4688-B1F7-3C0DB7C14F0E}.Release|Any CPU.ActiveCfg = Release|Any CPU
		{ED3BAB79-4235-4688-B1F7-3C0DB7C14F0E}.Release|Any CPU.Build.0 = Release|Any CPU
		{F2AA934F-C6E2-4E59-A705-96DBED225FF2}.Debug|Any CPU.ActiveCfg = Debug|Any CPU
		{F2AA934F-C6E2-4E59-A705-96DBED225FF2}.Debug|Any CPU.Build.0 = Debug|Any CPU
		{F2AA934F-C6E2-4E59-A705-96DBED225FF2}.Release|Any CPU.ActiveCfg = Release|Any CPU
		{F2AA934F-C6E2-4E59-A705-96DBED225FF2}.Release|Any CPU.Build.0 = Release|Any CPU
		{9EBD0EED-A317-42DD-8D1B-6BD15406C0D2}.Debug|Any CPU.ActiveCfg = Debug|Any CPU
		{9EBD0EED-A317-42DD-8D1B-6BD15406C0D2}.Debug|Any CPU.Build.0 = Debug|Any CPU
		{9EBD0EED-A317-42DD-8D1B-6BD15406C0D2}.Release|Any CPU.ActiveCfg = Release|Any CPU
		{9EBD0EED-A317-42DD-8D1B-6BD15406C0D2}.Release|Any CPU.Build.0 = Release|Any CPU
		{3A24636C-4928-4648-93B1-7EB2CF0703E6}.Debug|Any CPU.ActiveCfg = Debug|Any CPU
		{3A24636C-4928-4648-93B1-7EB2CF0703E6}.Debug|Any CPU.Build.0 = Debug|Any CPU
		{3A24636C-4928-4648-93B1-7EB2CF0703E6}.Debug|Any CPU.Deploy.0 = Debug|Any CPU
		{3A24636C-4928-4648-93B1-7EB2CF0703E6}.Release|Any CPU.ActiveCfg = Release|Any CPU
		{3A24636C-4928-4648-93B1-7EB2CF0703E6}.Release|Any CPU.Build.0 = Release|Any CPU
		{3A24636C-4928-4648-93B1-7EB2CF0703E6}.Release|Any CPU.Deploy.0 = Release|Any CPU
	EndGlobalSection
	GlobalSection(SolutionProperties) = preSolution
		HideSolutionNode = FALSE
	EndGlobalSection
	GlobalSection(ExtensibilityGlobals) = postSolution
		SolutionGuid = {85864FB3-C1E3-4BA0-B6CD-B25799E98DF4}
	EndGlobalSection
EndGlobal
